
Microsoft Visual Studio Solution File, Format Version 12.00
# Visual Studio Version 16
VisualStudioVersion = 16.0.30309.148
MinimumVisualStudioVersion = 10.0.40219.1
Project("{2150E333-8FDC-42A3-9474-1A3956D46DE8}") = "Infrastructure", "Infrastructure", "{EEDA331A-06C9-4E19-854D-6CBFCD0FACC3}"
EndProject
Project("{9A19103F-16F7-4668-BE54-9A1E7A4F7556}") = "eQACoLTD.Data", "eQACoLTD.Data\eQACoLTD.Data.csproj", "{FB9930AF-B937-456A-ADAC-D1B26E6301B0}"
EndProject
Project("{9A19103F-16F7-4668-BE54-9A1E7A4F7556}") = "eQACoLTD.ViewModel", "eQACoLTD.ViewModel\eQACoLTD.ViewModel.csproj", "{A1B217B5-C493-4A6C-B168-FC094A473B95}"
EndProject
Project("{9A19103F-16F7-4668-BE54-9A1E7A4F7556}") = "eQACoLTD.Utilities", "eQACoLTD.Utilities\eQACoLTD.Utilities.csproj", "{9D489E62-DE2D-4104-8742-41C6BF270160}"
EndProject
Project("{9A19103F-16F7-4668-BE54-9A1E7A4F7556}") = "eQACoLTD.Application", "eQACoLTD.Application\eQACoLTD.Application.csproj", "{832AC5B3-D8AA-4712-AB28-FCBEE2AEC4E4}"
EndProject
Project("{2150E333-8FDC-42A3-9474-1A3956D46DE8}") = "Core", "Core", "{50A2B605-5443-4CAF-A606-F8C12F2A662F}"
EndProject
Project("{2150E333-8FDC-42A3-9474-1A3956D46DE8}") = "Web", "Web", "{4B84B608-E443-4C22-B7AE-D4220DA77EB8}"
EndProject
Project("{9A19103F-16F7-4668-BE54-9A1E7A4F7556}") = "eQACoLTD.IdentityServer", "eQACoLTD.IdentityServer\eQACoLTD.IdentityServer.csproj", "{4CDDFE9A-2F29-4975-86CD-7E62FD62707C}"
EndProject
Project("{9A19103F-16F7-4668-BE54-9A1E7A4F7556}") = "eQACoLTD.AdminMvc", "eQACoLTD.AdminMvc\eQACoLTD.AdminMvc.csproj", "{EE78B662-F851-452F-BA44-7CD2C9529A91}"
EndProject
Project("{9A19103F-16F7-4668-BE54-9A1E7A4F7556}") = "eQACoLTD.BackendApi", "eQACoLTD.BackendApi\eQACoLTD.BackendApi.csproj", "{6AE8519A-B9C8-415B-9662-65F4EAC9B611}"
EndProject
Project("{9A19103F-16F7-4668-BE54-9A1E7A4F7556}") = "eQACoLTD.ClientMvc", "eQACoLTD.ClientMvc\eQACoLTD.ClientMvc.csproj", "{F9725045-49B0-4652-A084-BC662EA115AB}"
EndProject
Project("{9A19103F-16F7-4668-BE54-9A1E7A4F7556}") = "EmailService", "..\..\Sách\asp\10-Reset Password\EmailService\EmailService.csproj", "{B010B957-4211-44B4-95E8-EECCF40F63CA}"
EndProject
Global
	GlobalSection(SolutionConfigurationPlatforms) = preSolution
		Debug|Any CPU = Debug|Any CPU
		Release|Any CPU = Release|Any CPU
	EndGlobalSection
	GlobalSection(ProjectConfigurationPlatforms) = postSolution
		{FB9930AF-B937-456A-ADAC-D1B26E6301B0}.Debug|Any CPU.ActiveCfg = Debug|Any CPU
		{FB9930AF-B937-456A-ADAC-D1B26E6301B0}.Debug|Any CPU.Build.0 = Debug|Any CPU
		{FB9930AF-B937-456A-ADAC-D1B26E6301B0}.Release|Any CPU.ActiveCfg = Release|Any CPU
		{FB9930AF-B937-456A-ADAC-D1B26E6301B0}.Release|Any CPU.Build.0 = Release|Any CPU
		{A1B217B5-C493-4A6C-B168-FC094A473B95}.Debug|Any CPU.ActiveCfg = Debug|Any CPU
		{A1B217B5-C493-4A6C-B168-FC094A473B95}.Debug|Any CPU.Build.0 = Debug|Any CPU
		{A1B217B5-C493-4A6C-B168-FC094A473B95}.Release|Any CPU.ActiveCfg = Release|Any CPU
		{A1B217B5-C493-4A6C-B168-FC094A473B95}.Release|Any CPU.Build.0 = Release|Any CPU
		{9D489E62-DE2D-4104-8742-41C6BF270160}.Debug|Any CPU.ActiveCfg = Debug|Any CPU
		{9D489E62-DE2D-4104-8742-41C6BF270160}.Debug|Any CPU.Build.0 = Debug|Any CPU
		{9D489E62-DE2D-4104-8742-41C6BF270160}.Release|Any CPU.ActiveCfg = Release|Any CPU
		{9D489E62-DE2D-4104-8742-41C6BF270160}.Release|Any CPU.Build.0 = Release|Any CPU
		{832AC5B3-D8AA-4712-AB28-FCBEE2AEC4E4}.Debug|Any CPU.ActiveCfg = Debug|Any CPU
		{832AC5B3-D8AA-4712-AB28-FCBEE2AEC4E4}.Debug|Any CPU.Build.0 = Debug|Any CPU
		{832AC5B3-D8AA-4712-AB28-FCBEE2AEC4E4}.Release|Any CPU.ActiveCfg = Release|Any CPU
		{832AC5B3-D8AA-4712-AB28-FCBEE2AEC4E4}.Release|Any CPU.Build.0 = Release|Any CPU
		{4CDDFE9A-2F29-4975-86CD-7E62FD62707C}.Debug|Any CPU.ActiveCfg = Debug|Any CPU
		{4CDDFE9A-2F29-4975-86CD-7E62FD62707C}.Debug|Any CPU.Build.0 = Debug|Any CPU
		{4CDDFE9A-2F29-4975-86CD-7E62FD62707C}.Release|Any CPU.ActiveCfg = Release|Any CPU
		{4CDDFE9A-2F29-4975-86CD-7E62FD62707C}.Release|Any CPU.Build.0 = Release|Any CPU
		{EE78B662-F851-452F-BA44-7CD2C9529A91}.Debug|Any CPU.ActiveCfg = Debug|Any CPU
		{EE78B662-F851-452F-BA44-7CD2C9529A91}.Debug|Any CPU.Build.0 = Debug|Any CPU
		{EE78B662-F851-452F-BA44-7CD2C9529A91}.Release|Any CPU.ActiveCfg = Release|Any CPU
		{EE78B662-F851-452F-BA44-7CD2C9529A91}.Release|Any CPU.Build.0 = Release|Any CPU
		{6AE8519A-B9C8-415B-9662-65F4EAC9B611}.Debug|Any CPU.ActiveCfg = Debug|Any CPU
		{6AE8519A-B9C8-415B-9662-65F4EAC9B611}.Debug|Any CPU.Build.0 = Debug|Any CPU
		{6AE8519A-B9C8-415B-9662-65F4EAC9B611}.Release|Any CPU.ActiveCfg = Release|Any CPU
		{6AE8519A-B9C8-415B-9662-65F4EAC9B611}.Release|Any CPU.Build.0 = Release|Any CPU
		{F9725045-49B0-4652-A084-BC662EA115AB}.Debug|Any CPU.ActiveCfg = Debug|Any CPU
		{F9725045-49B0-4652-A084-BC662EA115AB}.Debug|Any CPU.Build.0 = Debug|Any CPU
		{F9725045-49B0-4652-A084-BC662EA115AB}.Release|Any CPU.ActiveCfg = Release|Any CPU
		{F9725045-49B0-4652-A084-BC662EA115AB}.Release|Any CPU.Build.0 = Release|Any CPU
		{B010B957-4211-44B4-95E8-EECCF40F63CA}.Debug|Any CPU.ActiveCfg = Debug|Any CPU
		{B010B957-4211-44B4-95E8-EECCF40F63CA}.Debug|Any CPU.Build.0 = Debug|Any CPU
		{B010B957-4211-44B4-95E8-EECCF40F63CA}.Release|Any CPU.ActiveCfg = Release|Any CPU
		{B010B957-4211-44B4-95E8-EECCF40F63CA}.Release|Any CPU.Build.0 = Release|Any CPU
	EndGlobalSection
	GlobalSection(SolutionProperties) = preSolution
		HideSolutionNode = FALSE
	EndGlobalSection
	GlobalSection(NestedProjects) = preSolution
		{FB9930AF-B937-456A-ADAC-D1B26E6301B0} = {EEDA331A-06C9-4E19-854D-6CBFCD0FACC3}
		{A1B217B5-C493-4A6C-B168-FC094A473B95} = {EEDA331A-06C9-4E19-854D-6CBFCD0FACC3}
		{9D489E62-DE2D-4104-8742-41C6BF270160} = {EEDA331A-06C9-4E19-854D-6CBFCD0FACC3}
		{832AC5B3-D8AA-4712-AB28-FCBEE2AEC4E4} = {EEDA331A-06C9-4E19-854D-6CBFCD0FACC3}
		{4CDDFE9A-2F29-4975-86CD-7E62FD62707C} = {50A2B605-5443-4CAF-A606-F8C12F2A662F}
		{EE78B662-F851-452F-BA44-7CD2C9529A91} = {4B84B608-E443-4C22-B7AE-D4220DA77EB8}
		{6AE8519A-B9C8-415B-9662-65F4EAC9B611} = {50A2B605-5443-4CAF-A606-F8C12F2A662F}
		{F9725045-49B0-4652-A084-BC662EA115AB} = {4B84B608-E443-4C22-B7AE-D4220DA77EB8}
		{B010B957-4211-44B4-95E8-EECCF40F63CA} = {EEDA331A-06C9-4E19-854D-6CBFCD0FACC3}
	EndGlobalSection
	GlobalSection(ExtensibilityGlobals) = postSolution
		SolutionGuid = {0AFAF1D7-9BE9-4DC7-BE8D-484D2DC96AD8}
	EndGlobalSection
EndGlobal
